Microsoft Visual Studio Solution File, Format Version 12.00
# Visual Studio Version 17
VisualStudioVersion = 17.5.2.0
MinimumVisualStudioVersion = 10.0.40219.1
Project("{FAE04EC0-301F-11D3-BF4B-00C04F79EFBC}") = "VehiculosYa", "VehiculosYa.csproj", "{4EB196B8-E3D6-2DA3-5C7A-6656CD81CF36}"
EndProject
Global
	GlobalSection(SolutionConfigurationPlatforms) = preSolution
		Debug|Any CPU = Debug|Any CPU
		Release|Any CPU = Release|Any CPU
	EndGlobalSection
	GlobalSection(ProjectConfigurationPlatforms) = postSolution
		{4EB196B8-E3D6-2DA3-5C7A-6656CD81CF36}.Debug|Any CPU.ActiveCfg = Debug|Any CPU
		{4EB196B8-E3D6-2DA3-5C7A-6656CD81CF36}.Debug|Any CPU.Build.0 = Debug|Any CPU
		{4EB196B8-E3D6-2DA3-5C7A-6656CD81CF36}.Release|Any CPU.ActiveCfg = Release|Any CPU
		{4EB196B8-E3D6-2DA3-5C7A-6656CD81CF36}.Release|Any CPU.Build.0 = Release|Any CPU
	EndGlobalSection
	GlobalSection(SolutionProperties) = preSolution
		HideSolutionNode = FALSE
	EndGlobalSection
	GlobalSection(ExtensibilityGlobals) = postSolution
		SolutionGuid = {6AB923B0-5FE7-4FE4-9AE0-F2E22C354509}
	EndGlobalSection
EndGlobal
